Microsoft Visual Studio Solution File, Format Version 11.00
# Visual Studio 2010
Project("{E097FAD1-6243-4DAD-9C02-E9B9EFC3FFC1}") = "Assembly-CSharp", "Assembly-CSharp.csproj", "{E34218CE-565F-15D4-2DF4-E38072E60339}"
EndProject
Project("{E097FAD1-6243-4DAD-9C02-E9B9EFC3FFC1}") = "Assembly-CSharp-Editor-firstpass", "Assembly-CSharp-Editor-firstpass.csproj", "{477E342A-7ABB-9C57-8862-C342E7531C07}"
EndProject
Project("{E097FAD1-6243-4DAD-9C02-E9B9EFC3FFC1}") = "Assembly-CSharp-Editor", "Assembly-CSharp-Editor.csproj", "{1ADA56FE-4DD7-4227-4C7D-CD7EA9B813F8}"
EndProject
Global
	GlobalSection(SolutionConfigurationPlatforms) = preSolution
		Debug|Any CPU = Debug|Any CPU
		Release|Any CPU = Release|Any CPU
	EndGlobalSection
	GlobalSection(ProjectConfigurationPlatforms) = postSolution
		{E34218CE-565F-15D4-2DF4-E38072E60339}.Debug|Any CPU.ActiveCfg = Debug|Any CPU
		{E34218CE-565F-15D4-2DF4-E38072E60339}.Debug|Any CPU.Build.0 = Debug|Any CPU
		{E34218CE-565F-15D4-2DF4-E38072E60339}.Release|Any CPU.ActiveCfg = Release|Any CPU
		{E34218CE-565F-15D4-2DF4-E38072E60339}.Release|Any CPU.Build.0 = Release|Any CPU
		{477E342A-7ABB-9C57-8862-C342E7531C07}.Debug|Any CPU.ActiveCfg = Debug|Any CPU
		{477E342A-7ABB-9C57-8862-C342E7531C07}.Debug|Any CPU.Build.0 = Debug|Any CPU
		{477E342A-7ABB-9C57-8862-C342E7531C07}.Release|Any CPU.ActiveCfg = Release|Any CPU
		{477E342A-7ABB-9C57-8862-C342E7531C07}.Release|Any CPU.Build.0 = Release|Any CPU
		{1ADA56FE-4DD7-4227-4C7D-CD7EA9B813F8}.Debug|Any CPU.ActiveCfg = Debug|Any CPU
		{1ADA56FE-4DD7-4227-4C7D-CD7EA9B813F8}.Debug|Any CPU.Build.0 = Debug|Any CPU
		{1ADA56FE-4DD7-4227-4C7D-CD7EA9B813F8}.Release|Any CPU.ActiveCfg = Release|Any CPU
		{1ADA56FE-4DD7-4227-4C7D-CD7EA9B813F8}.Release|Any CPU.Build.0 = Release|Any CPU
	EndGlobalSection
	GlobalSection(SolutionProperties) = preSolution
		HideSolutionNode = FALSE
	EndGlobalSection
	GlobalSection(MonoDevelopProperties) = preSolution
		StartupItem = Assembly-CSharp.csproj
	EndGlobalSection
EndGlobal
